
Microsoft Visual Studio Solution File, Format Version 12.00
# Visual Studio Version 17
VisualStudioVersion = 17.3.32901.215
MinimumVisualStudioVersion = 10.0.40219.1
Project("{FAE04EC0-301F-11D3-BF4B-00C04F79EFBC}") = "ObjetoClasse", "ObjetoClasse\ObjetoClasse.csproj", "{ECA55917-7B81-486C-98EE-C1E12ECE1CF5}"
EndProject
Global
	GlobalSection(SolutionConfigurationPlatforms) = preSolution
		Debug|Any CPU = Debug|Any CPU
		Release|Any CPU = Release|Any CPU
	EndGlobalSection
	GlobalSection(ProjectConfigurationPlatforms) = postSolution
		{ECA55917-7B81-486C-98EE-C1E12ECE1CF5}.Debug|Any CPU.ActiveCfg = Debug|Any CPU
		{ECA55917-7B81-486C-98EE-C1E12ECE1CF5}.Debug|Any CPU.Build.0 = Debug|Any CPU
		{ECA55917-7B81-486C-98EE-C1E12ECE1CF5}.Release|Any CPU.ActiveCfg = Release|Any CPU
		{ECA55917-7B81-486C-98EE-C1E12ECE1CF5}.Release|Any CPU.Build.0 = Release|Any CPU
	EndGlobalSection
	GlobalSection(SolutionProperties) = preSolution
		HideSolutionNode = FALSE
	EndGlobalSection
	GlobalSection(ExtensibilityGlobals) = postSolution
		SolutionGuid = {6181796D-1C7B-4F7B-BF37-C4442BE6CCED}
	EndGlobalSection
EndGlobal
